
Microsoft Visual Studio Solution File, Format Version 12.00
# Visual Studio 15
VisualStudioVersion = 15.0.27130.2020
MinimumVisualStudioVersion = 10.0.40219.1
Project("{FAE04EC0-301F-11D3-BF4B-00C04F79EFBC}") = "TigerBot", "TigerBot\TigerBot.csproj", "{FD7DE63B-1226-456B-A3E9-0D20B4A71C31}"
EndProject
Global
	GlobalSection(SolutionConfigurationPlatforms) = preSolution
		Debug|Any CPU = Debug|Any CPU
		Release|Any CPU = Release|Any CPU
	EndGlobalSection
	GlobalSection(ProjectConfigurationPlatforms) = postSolution
		{FD7DE63B-1226-456B-A3E9-0D20B4A71C31}.Debug|Any CPU.ActiveCfg = Debug|Any CPU
		{FD7DE63B-1226-456B-A3E9-0D20B4A71C31}.Debug|Any CPU.Build.0 = Debug|Any CPU
		{FD7DE63B-1226-456B-A3E9-0D20B4A71C31}.Release|Any CPU.ActiveCfg = Release|Any CPU
		{FD7DE63B-1226-456B-A3E9-0D20B4A71C31}.Release|Any CPU.Build.0 = Release|Any CPU
	EndGlobalSection
	GlobalSection(SolutionProperties) = preSolution
		HideSolutionNode = FALSE
	EndGlobalSection
	GlobalSection(ExtensibilityGlobals) = postSolution
		SolutionGuid = {A6A427F5-B12B-40F2-9C6E-64044E0AD220}
	EndGlobalSection
EndGlobal
